// !$*UTF8*$!
{
	archiveVersion = 1;
	classes = {
	};
	objectVersion = 46;
	objects = {

/* Begin PBXBuildFile section */
		054B0F041D918D9300500953 /* AppDelegate.swift in Sources */ = {isa = PBXBuildFile; fileRef = 054B0F031D918D9300500953 /* AppDelegate.swift */; };
		054B0F061D918D9300500953 /* ViewController.swift in Sources */ = {isa = PBXBuildFile; fileRef = 054B0F051D918D9300500953 /* ViewController.swift */; };
		054B0F091D918D9300500953 /* Main.storyboard in Resources */ = {isa = PBXBuildFile; fileRef = 054B0F071D918D9300500953 /* Main.storyboard */; };
		054B0F0B1D918D9300500953 /* Assets.xcassets in Resources */ = {isa = PBXBuildFile; fileRef = 054B0F0A1D918D9300500953 /* Assets.xcassets */; };
		054B0F0E1D918D9300500953 /* LaunchScreen.storyboard in Resources */ = {isa = PBXBuildFile; fileRef = 054B0F0C1D918D9300500953 /* LaunchScreen.storyboard */; };
		054B0F161D91924200500953 /* Falcon.png in Resources */ = {isa = PBXBuildFile; fileRef = 054B0F151D91924200500953 /* Falcon.png */; };
/* End PBXBuildFile section */

/* Begin PBXFileReference section */
		054B0F001D918D9300500953 /* Lab14_Gestures.app */ = {isa = PBXFileReference; explicitFileType = wrapper.application; includeInIndex = 0; path = Lab14_Gestures.app; sourceTree = BUILT_PRODUCTS_DIR; };
		054B0F031D918D9300500953 /* AppDelegate.swift */ = {isa = PBXFileReference; lastKnownFileType = sourcecode.swift; path = AppDelegate.swift; sourceTree = "<group>"; };
		054B0F051D918D9300500953 /* ViewController.swift */ = {isa = PBXFileReference; lastKnownFileType = sourcecode.swift; path = ViewController.swift; sourceTree = "<group>"; };
		054B0F081D918D9300500953 /* Base */ = {isa = PBXFileReference; lastKnownFileType = file.storyboard; name = Base; path = Base.lproj/Main.storyboard; sourceTree = "<group>"; };
		054B0F0A1D918D9300500953 /* Assets.xcassets */ = {isa = PBXFileReference; lastKnownFileType = folder.assetcatalog; path = Assets.xcassets; sourceTree = "<group>"; };
		054B0F0D1D918D9300500953 /* Base */ = {isa = PBXFileReference; lastKnownFileType = file.storyboard; name = Base; path = Base.lproj/LaunchScreen.storyboard; sourceTree = "<group>"; };
		054B0F0F1D918D9300500953 /* Info.plist */ = {isa = PBXFileReference; lastKnownFileType = text.plist.xml; path = Info.plist; sourceTree = "<group>"; };
		054B0F151D91924200500953 /* Falcon.png */ = {isa = PBXFileReference; lastKnownFileType = image.png; path = Falcon.png; sourceTree = "<group>"; };
/* End PBXFileReference section */

/* Begin PBXFrameworksBuildPhase section */
		054B0EFD1D918D9300500953 /* Frameworks */ = {
			isa = PBXFrameworksBuildPhase;
			buildActionMask = 2147483647;
			files = (
			);
			runOnlyForDeploymentPostprocessing = 0;
		};
/* End PBXFrameworksBuildPhase section */

/* Begin PBXGroup section */
		054B0EF71D918D9300500953 = {
			isa = PBXGroup;
			children = (
				054B0F021D918D9300500953 /* Lab14_Gestures */,
				054B0F011D918D9300500953 /* Products */,
			);
			sourceTree = "<group>";
		};
		054B0F011D918D9300500953 /* Products */ = {
			isa = PBXGroup;
			children = (
				054B0F001D918D9300500953 /* Lab14_Gestures.app */,
			);
			name = Products;
			sourceTree = "<group>";
		};
		054B0F021D918D9300500953 /* Lab14_Gestures */ = {
			isa = PBXGroup;
			children = (
				054B0F151D91924200500953 /* Falcon.png */,
				054B0F031D918D9300500953 /* AppDelegate.swift */,
				054B0F051D918D9300500953 /* ViewController.swift */,
				054B0F071D918D9300500953 /* Main.storyboard */,
				054B0F0A1D918D9300500953 /* Assets.xcassets */,
				054B0F0C1D918D9300500953 /* LaunchScreen.storyboard */,
				054B0F0F1D918D9300500953 /* Info.plist */,
			);
			name = Lab14_Gestures;
			path = Lab14_Gestures_Solution;
			sourceTree = "<group>";
		};
/* End PBXGroup section */

/* Begin PBXNativeTarget section */
		054B0EFF1D918D9300500953 /* Lab14_Gestures */ = {
			isa = PBXNativeTarget;
			buildConfigurationList = 054B0F121D918D9300500953 /* Build configuration list for PBXNativeTarget "Lab14_Gestures" */;
			buildPhases = (
				054B0EFC1D918D9300500953 /* Sources */,
				054B0EFD1D918D9300500953 /* Frameworks */,
				054B0EFE1D918D9300500953 /* Resources */,
			);
			buildRules = (
			);
			dependencies = (
			);
			name = Lab14_Gestures;
			productName = Lab14_Gestures_Solution;
			productReference = 054B0F001D918D9300500953 /* Lab14_Gestures.app */;
			productType = "com.apple.product-type.application";
		};
/* End PBXNativeTarget section */

/* Begin PBXProject section */
		054B0EF81D918D9300500953 /* Project object */ = {
			isa = PBXProject;
			attributes = {
				LastSwiftUpdateCheck = 0730;
				LastUpgradeCheck = 0730;
				ORGANIZATIONNAME = "Troy Weingart";
				TargetAttributes = {
					054B0EFF1D918D9300500953 = {
						CreatedOnToolsVersion = 7.3.1;
					};
				};
			};
			buildConfigurationList = 054B0EFB1D918D9300500953 /* Build configuration list for PBXProject "Lab14_Gestures" */;
			compatibilityVersion = "Xcode 3.2";
			developmentRegion = English;
			hasScannedForEncodings = 0;
			knownRegions = (
				en,
				Base,
			);
			mainGroup = 054B0EF71D918D9300500953;
			productRefGroup = 054B0F011D918D9300500953 /* Products */;
			projectDirPath = "";
			projectRoot = "";
			targets = (
				054B0EFF1D918D9300500953 /* Lab14_Gestures */,
			);
		};
/* End PBXProject section */

/* Begin PBXResourcesBuildPhase section */
		054B0EFE1D918D9300500953 /* Resources */ = {
			isa = PBXResourcesBuildPhase;
			buildActionMask = 2147483647;
			files = (
				054B0F161D91924200500953 /* Falcon.png in Resources */,
				054B0F0E1D918D9300500953 /* LaunchScreen.storyboard in Resources */,
				054B0F0B1D918D9300500953 /* Assets.xcassets in Resources */,
				054B0F091D918D9300500953 /* Main.storyboard in Resources */,
			);
			runOnlyForDeploymentPostprocessing = 0;
		};
/* End PBXResourcesBuildPhase section */

/* Begin PBXSourcesBuildPhase section */
		054B0EFC1D918D9300500953 /* Sources */ = {
			isa = PBXSourcesBuildPhase;
			buildActionMask = 2147483647;
			files = (
				054B0F061D918D9300500953 /* ViewController.swift in Sources */,
				054B0F041D918D9300500953 /* AppDelegate.swift in Sources */,
			);
			runOnlyForDeploymentPostprocessing = 0;
		};
/* End PBXSourcesBuildPhase section */

/* Begin PBXVariantGroup section */
		054B0F071D918D9300500953 /* Main.storyboard */ = {
			isa = PBXVariantGroup;
			children = (
				054B0F081D918D9300500953 /* Base */,
			);
			name = Main.storyboard;
			sourceTree = "<group>";
		};
		054B0F0C1D918D9300500953 /* LaunchScreen.storyboard */ = {
			isa = PBXVariantGroup;
			children = (
				054B0F0D1D918D9300500953 /* Base */,
			);
			name = LaunchScreen.storyboard;
			sourceTree = "<group>";
		};
/* End PBXVariantGroup section */

/* Begin XCBuildConfiguration section */
		054B0F101D918D9300500953 /* Debug */ = {
			isa = XCBuildConfiguration;
			buildSettings = {
				ALWAYS_SEARCH_USER_PATHS = NO;
				CLANG_ANALYZER_NONNULL = YES;
				CLANG_CXX_LANGUAGE_STANDARD = "gnu++0x";
				CLANG_CXX_LIBRARY = "libc++";
				CLANG_ENABLE_MODULES = YES;
				CLANG_ENABLE_OBJC_ARC = YES;
				CLANG_WARN_BOOL_CONVERSION = YES;
				CLANG_WARN_CONSTANT_CONVERSION = YES;
				CLANG_WARN_DIRECT_OBJC_ISA_USAGE = YES_ERROR;
				CLANG_WARN_EMPTY_BODY = YES;
				CLANG_WARN_ENUM_CONVERSION = YES;
				CLANG_WARN_INT_CONVERSION = YES;
				CLANG_WARN_OBJC_ROOT_CLASS = YES_ERROR;
				CLANG_WARN_UNREACHABLE_CODE = YES;
				CLANG_WARN__DUPLICATE_METHOD_MATCH = YES;
				"CODE_SIGN_IDENTITY[sdk=iphoneos*]" = "iPhone Developer";
				COPY_PHASE_STRIP = NO;
				DEBUG_INFORMATION_FORMAT = dwarf;
				ENABLE_STRICT_OBJC_MSGSEND = YES;
				ENABLE_TESTABILITY = YES;
				GCC_C_LANGUAGE_STANDARD = gnu99;
				GCC_DYNAMIC_NO_PIC = NO;
				GCC_NO_COMMON_BLOCKS = YES;
				GCC_OPTIMIZATION_LEVEL = 0;
				GCC_PREPROCESSOR_DEFINITIONS = (
					"DEBUG=1",
					"$(inherited)",
				);
				GCC_WARN_64_TO_32_BIT_CONVERSION = YES;
				GCC_WARN_ABOUT_RETURN_TYPE = YES_ERROR;
				GCC_WARN_UNDECLARED_SELECTOR = YES;
				GCC_WARN_UNINITIALIZED_AUTOS = YES_AGGRESSIVE;
				GCC_WARN_UNUSED_FUNCTION = YES;
				GCC_WARN_UNUSED_VARIABLE = YES;
				IPHONEOS_DEPLOYMENT_TARGET = 9.3;
				MTL_ENABLE_DEBUG_INFO = YES;
				ONLY_ACTIVE_ARCH = YES;
				SDKROOT = iphoneos;
				SWIFT_OPTIMIZATION_LEVEL = "-Onone";
				TARGETED_DEVICE_FAMILY = "1,2";
			};
			name = Debug;
		};
		054B0F111D918D9300500953 /* Release */ = {
			isa = XCBuildConfiguration;
			buildSettings = {
				ALWAYS_SEARCH_USER_PATHS = NO;
				CLANG_ANALYZER_NONNULL = YES;
				CLANG_CXX_LANGUAGE_STANDARD = "gnu++0x";
				CLANG_CXX_LIBRARY = "libc++";
				CLANG_ENABLE_MODULES = YES;
				CLANG_ENABLE_OBJC_ARC = YES;
				CLANG_WARN_BOOL_CONVERSION = YES;
				CLANG_WARN_CONSTANT_CONVERSION = YES;
				CLANG_WARN_DIRECT_OBJC_ISA_USAGE = YES_ERROR;
				CLANG_WARN_EMPTY_BODY = YES;
				CLANG_WARN_ENUM_CONVERSION = YES;
				CLANG_WARN_INT_CONVERSION = YES;
				CLANG_WARN_OBJC_ROOT_CLASS = YES_ERROR;
				CLANG_WARN_UNREACHABLE_CODE = YES;
				CLANG_WARN__DUPLICATE_METHOD_MATCH = YES;
				"CODE_SIGN_IDENTITY[sdk=iphoneos*]" = "iPhone Developer";
				COPY_PHASE_STRIP = NO;
				DEBUG_INFORMATION_FORMAT = "dwarf-with-dsym";
				ENABLE_NS_ASSERTIONS = NO;
				ENABLE_STRICT_OBJC_MSGSEND = YES;
				GCC_C_LANGUAGE_STANDARD = gnu99;
				GCC_NO_COMMON_BLOCKS = YES;
				GCC_WARN_64_TO_32_BIT_CONVERSION = YES;
				GCC_WARN_ABOUT_RETURN_TYPE = YES_ERROR;
				GCC_WARN_UNDECLARED_SELECTOR = YES;
				GCC_WARN_UNINITIALIZED_AUTOS = YES_AGGRESSIVE;
				GCC_WARN_UNUSED_FUNCTION = YES;
				GCC_WARN_UNUSED_VARIABLE = YES;
				IPHONEOS_DEPLOYMENT_TARGET = 9.3;
				MTL_ENABLE_DEBUG_INFO = NO;
				SDKROOT = iphoneos;
				TARGETED_DEVICE_FAMILY = "1,2";
				VALIDATE_PRODUCT = YES;
			};
			name = Release;
		};
		054B0F131D918D9300500953 /* Debug */ = {
			isa = XCBuildConfiguration;
			buildSettings = {
				ASSETCATALOG_COMPILER_APPICON_NAME = AppIcon;
				INFOPLIST_FILE = Lab14_Gestures_Solution/Info.plist;
				LD_RUNPATH_SEARCH_PATHS = "$(inherited) @executable_path/Frameworks";
				PRODUCT_BUNDLE_IDENTIFIER = "edu.troy.weingart.Lab14-Gestures-Solution";
				PRODUCT_NAME = Lab14_Gestures;
				TARGETED_DEVICE_FAMILY = 2;
			};
			name = Debug;
		};
		054B0F141D918D9300500953 /* Release */ = {
			isa = XCBuildConfiguration;
			buildSettings = {
				ASSETCATALOG_COMPILER_APPICON_NAME = AppIcon;
				INFOPLIST_FILE = Lab14_Gestures_Solution/Info.plist;
				LD_RUNPATH_SEARCH_PATHS = "$(inherited) @executable_path/Frameworks";
				PRODUCT_BUNDLE_IDENTIFIER = "edu.troy.weingart.Lab14-Gestures-Solution";
				PRODUCT_NAME = Lab14_Gestures;
				TARGETED_DEVICE_FAMILY = 2;
			};
			name = Release;
		};
/* End XCBuildConfiguration section */

/* Begin XCConfigurationList section */
		054B0EFB1D918D9300500953 /* Build configuration list for PBXProject "Lab14_Gestures" */ = {
			isa = XCConfigurationList;
			buildConfigurations = (
				054B0F101D918D9300500953 /* Debug */,
				054B0F111D918D9300500953 /* Release */,
			);
			defaultConfigurationIsVisible = 0;
			defaultConfigurationName = Release;
		};
		054B0F121D918D9300500953 /* Build configuration list for PBXNativeTarget "Lab14_Gestures" */ = {
			isa = XCConfigurationList;
			buildConfigurations = (
				054B0F131D918D9300500953 /* Debug */,
				054B0F141D918D9300500953 /* Release */,
			);
			defaultConfigurationIsVisible = 0;
			defaultConfigurationName = Release;
		};
/* End XCConfigurationList section */
	};
	rootObject = 054B0EF81D918D9300500953 /* Project object */;
}
