// !$*UTF8*$!
{
	archiveVersion = 1;
	classes = {
	};
	objectVersion = 46;
	objects = {

/* Begin PBXBuildFile section */
		70553C8D1DA599F90001D46E /* american_cemetery_normandy.jpg in Resources */ = {isa = PBXBuildFile; fileRef = 70553C751DA599F90001D46E /* american_cemetery_normandy.jpg */; };
		70553C8E1DA599F90001D46E /* big_ben.jpg in Resources */ = {isa = PBXBuildFile; fileRef = 70553C761DA599F90001D46E /* big_ben.jpg */; };
		70553C8F1DA599F90001D46E /* blue_domed_church.jpg in Resources */ = {isa = PBXBuildFile; fileRef = 70553C771DA599F90001D46E /* blue_domed_church.jpg */; };
		70553C901DA599F90001D46E /* christ_the_redeemer.jpg in Resources */ = {isa = PBXBuildFile; fileRef = 70553C781DA599F90001D46E /* christ_the_redeemer.jpg */; };
		70553C911DA599F90001D46E /* colloseum.jpeg in Resources */ = {isa = PBXBuildFile; fileRef = 70553C791DA599F90001D46E /* colloseum.jpeg */; };
		70553C921DA599F90001D46E /* eiffel_tower.jpg in Resources */ = {isa = PBXBuildFile; fileRef = 70553C7A1DA599F90001D46E /* eiffel_tower.jpg */; };
		70553C931DA599F90001D46E /* golden_gate_bridge.jpg in Resources */ = {isa = PBXBuildFile; fileRef = 70553C7B1DA599F90001D46E /* golden_gate_bridge.jpg */; };
		70553C941DA599F90001D46E /* grand_canyon.jpg in Resources */ = {isa = PBXBuildFile; fileRef = 70553C7C1DA599F90001D46E /* grand_canyon.jpg */; };
		70553C951DA599F90001D46E /* great_mosque.jpg in Resources */ = {isa = PBXBuildFile; fileRef = 70553C7D1DA599F90001D46E /* great_mosque.jpg */; };
		70553C961DA599F90001D46E /* great_wall.jpg in Resources */ = {isa = PBXBuildFile; fileRef = 70553C7E1DA599F90001D46E /* great_wall.jpg */; };
		70553C971DA599F90001D46E /* loch_ness_scotland.jpg in Resources */ = {isa = PBXBuildFile; fileRef = 70553C7F1DA599F90001D46E /* loch_ness_scotland.jpg */; };
		70553C981DA599F90001D46E /* machu_piccu.jpg in Resources */ = {isa = PBXBuildFile; fileRef = 70553C801DA599F90001D46E /* machu_piccu.jpg */; };
		70553C991DA599F90001D46E /* mount_rushmore.jpg in Resources */ = {isa = PBXBuildFile; fileRef = 70553C811DA599F90001D46E /* mount_rushmore.jpg */; };
		70553C9A1DA599F90001D46E /* potala_palace.jpg in Resources */ = {isa = PBXBuildFile; fileRef = 70553C821DA599F90001D46E /* potala_palace.jpg */; };
		70553C9B1DA599F90001D46E /* pyramids_of_giza.jpg in Resources */ = {isa = PBXBuildFile; fileRef = 70553C831DA599F90001D46E /* pyramids_of_giza.jpg */; };
		70553C9C1DA599F90001D46E /* st_basils_moscow.jpg in Resources */ = {isa = PBXBuildFile; fileRef = 70553C841DA599F90001D46E /* st_basils_moscow.jpg */; };
		70553C9D1DA599F90001D46E /* statue_of_liberty.jpg in Resources */ = {isa = PBXBuildFile; fileRef = 70553C851DA599F90001D46E /* statue_of_liberty.jpg */; };
		70553C9E1DA599F90001D46E /* stonehenge.jpg in Resources */ = {isa = PBXBuildFile; fileRef = 70553C861DA599F90001D46E /* stonehenge.jpg */; };
		70553C9F1DA599F90001D46E /* sydney_opera_house.jpg in Resources */ = {isa = PBXBuildFile; fileRef = 70553C871DA599F90001D46E /* sydney_opera_house.jpg */; };
		70553CA01DA599F90001D46E /* taj_majal.jpeg in Resources */ = {isa = PBXBuildFile; fileRef = 70553C881DA599F90001D46E /* taj_majal.jpeg */; };
		70553CA11DA599F90001D46E /* teotihuacan.jpg in Resources */ = {isa = PBXBuildFile; fileRef = 70553C891DA599F90001D46E /* teotihuacan.jpg */; };
		70553CA21DA599F90001D46E /* tower_of_pisa.jpg in Resources */ = {isa = PBXBuildFile; fileRef = 70553C8A1DA599F90001D46E /* tower_of_pisa.jpg */; };
		70553CA31DA599F90001D46E /* wailing-wall.jpg in Resources */ = {isa = PBXBuildFile; fileRef = 70553C8B1DA599F90001D46E /* wailing-wall.jpg */; };
		70553CA41DA599F90001D46E /* waterfalls-angel-falls.jpg in Resources */ = {isa = PBXBuildFile; fileRef = 70553C8C1DA599F90001D46E /* waterfalls-angel-falls.jpg */; };
		F277EFB01DA1D7580055741E /* AppDelegate.swift in Sources */ = {isa = PBXBuildFile; fileRef = F277EFAF1DA1D7580055741E /* AppDelegate.swift */; };
		F277EFB21DA1D7580055741E /* ViewController.swift in Sources */ = {isa = PBXBuildFile; fileRef = F277EFB11DA1D7580055741E /* ViewController.swift */; };
		F277EFB51DA1D7580055741E /* Main.storyboard in Resources */ = {isa = PBXBuildFile; fileRef = F277EFB31DA1D7580055741E /* Main.storyboard */; };
		F277EFB71DA1D7580055741E /* Assets.xcassets in Resources */ = {isa = PBXBuildFile; fileRef = F277EFB61DA1D7580055741E /* Assets.xcassets */; };
		F277EFBA1DA1D7580055741E /* LaunchScreen.storyboard in Resources */ = {isa = PBXBuildFile; fileRef = F277EFB81DA1D7580055741E /* LaunchScreen.storyboard */; };
		F277EFC51DA1D7580055741E /* Pex2_QuizGameTests.swift in Sources */ = {isa = PBXBuildFile; fileRef = F277EFC41DA1D7580055741E /* Pex2_QuizGameTests.swift */; };
		F277EFD01DA1D7580055741E /* Pex2_QuizGameUITests.swift in Sources */ = {isa = PBXBuildFile; fileRef = F277EFCF1DA1D7580055741E /* Pex2_QuizGameUITests.swift */; };
/* End PBXBuildFile section */

/* Begin PBXContainerItemProxy section */
		F277EFC11DA1D7580055741E /* PBXContainerItemProxy */ = {
			isa = PBXContainerItemProxy;
			containerPortal = F277EFA41DA1D7580055741E /* Project object */;
			proxyType = 1;
			remoteGlobalIDString = F277EFAB1DA1D7580055741E;
			remoteInfo = Pex2_QuizGame;
		};
		F277EFCC1DA1D7580055741E /* PBXContainerItemProxy */ = {
			isa = PBXContainerItemProxy;
			containerPortal = F277EFA41DA1D7580055741E /* Project object */;
			proxyType = 1;
			remoteGlobalIDString = F277EFAB1DA1D7580055741E;
			remoteInfo = Pex2_QuizGame;
		};
/* End PBXContainerItemProxy section */

/* Begin PBXFileReference section */
		70553C751DA599F90001D46E /* american_cemetery_normandy.jpg */ = {isa = PBXFileReference; lastKnownFileType = image.jpeg; path = american_cemetery_normandy.jpg; sourceTree = "<group>"; };
		70553C761DA599F90001D46E /* big_ben.jpg */ = {isa = PBXFileReference; lastKnownFileType = image.jpeg; path = big_ben.jpg; sourceTree = "<group>"; };
		70553C771DA599F90001D46E /* blue_domed_church.jpg */ = {isa = PBXFileReference; lastKnownFileType = image.jpeg; path = blue_domed_church.jpg; sourceTree = "<group>"; };
		70553C781DA599F90001D46E /* christ_the_redeemer.jpg */ = {isa = PBXFileReference; lastKnownFileType = image.jpeg; path = christ_the_redeemer.jpg; sourceTree = "<group>"; };
		70553C791DA599F90001D46E /* colloseum.jpeg */ = {isa = PBXFileReference; lastKnownFileType = image.jpeg; path = colloseum.jpeg; sourceTree = "<group>"; };
		70553C7A1DA599F90001D46E /* eiffel_tower.jpg */ = {isa = PBXFileReference; lastKnownFileType = image.jpeg; path = eiffel_tower.jpg; sourceTree = "<group>"; };
		70553C7B1DA599F90001D46E /* golden_gate_bridge.jpg */ = {isa = PBXFileReference; lastKnownFileType = image.jpeg; path = golden_gate_bridge.jpg; sourceTree = "<group>"; };
		70553C7C1DA599F90001D46E /* grand_canyon.jpg */ = {isa = PBXFileReference; lastKnownFileType = image.jpeg; path = grand_canyon.jpg; sourceTree = "<group>"; };
		70553C7D1DA599F90001D46E /* great_mosque.jpg */ = {isa = PBXFileReference; lastKnownFileType = image.jpeg; path = great_mosque.jpg; sourceTree = "<group>"; };
		70553C7E1DA599F90001D46E /* great_wall.jpg */ = {isa = PBXFileReference; lastKnownFileType = image.jpeg; path = great_wall.jpg; sourceTree = "<group>"; };
		70553C7F1DA599F90001D46E /* loch_ness_scotland.jpg */ = {isa = PBXFileReference; lastKnownFileType = image.jpeg; path = loch_ness_scotland.jpg; sourceTree = "<group>"; };
		70553C801DA599F90001D46E /* machu_piccu.jpg */ = {isa = PBXFileReference; lastKnownFileType = image.jpeg; path = machu_piccu.jpg; sourceTree = "<group>"; };
		70553C811DA599F90001D46E /* mount_rushmore.jpg */ = {isa = PBXFileReference; lastKnownFileType = image.jpeg; path = mount_rushmore.jpg; sourceTree = "<group>"; };
		70553C821DA599F90001D46E /* potala_palace.jpg */ = {isa = PBXFileReference; lastKnownFileType = image.jpeg; path = potala_palace.jpg; sourceTree = "<group>"; };
		70553C831DA599F90001D46E /* pyramids_of_giza.jpg */ = {isa = PBXFileReference; lastKnownFileType = image.jpeg; path = pyramids_of_giza.jpg; sourceTree = "<group>"; };
		70553C841DA599F90001D46E /* st_basils_moscow.jpg */ = {isa = PBXFileReference; lastKnownFileType = image.jpeg; path = st_basils_moscow.jpg; sourceTree = "<group>"; };
		70553C851DA599F90001D46E /* statue_of_liberty.jpg */ = {isa = PBXFileReference; lastKnownFileType = image.jpeg; path = statue_of_liberty.jpg; sourceTree = "<group>"; };
		70553C861DA599F90001D46E /* stonehenge.jpg */ = {isa = PBXFileReference; lastKnownFileType = image.jpeg; path = stonehenge.jpg; sourceTree = "<group>"; };
		70553C871DA599F90001D46E /* sydney_opera_house.jpg */ = {isa = PBXFileReference; lastKnownFileType = image.jpeg; path = sydney_opera_house.jpg; sourceTree = "<group>"; };
		70553C881DA599F90001D46E /* taj_majal.jpeg */ = {isa = PBXFileReference; lastKnownFileType = image.jpeg; path = taj_majal.jpeg; sourceTree = "<group>"; };
		70553C891DA599F90001D46E /* teotihuacan.jpg */ = {isa = PBXFileReference; lastKnownFileType = image.jpeg; path = teotihuacan.jpg; sourceTree = "<group>"; };
		70553C8A1DA599F90001D46E /* tower_of_pisa.jpg */ = {isa = PBXFileReference; lastKnownFileType = image.jpeg; path = tower_of_pisa.jpg; sourceTree = "<group>"; };
		70553C8B1DA599F90001D46E /* wailing-wall.jpg */ = {isa = PBXFileReference; lastKnownFileType = image.jpeg; path = "wailing-wall.jpg"; sourceTree = "<group>"; };
		70553C8C1DA599F90001D46E /* waterfalls-angel-falls.jpg */ = {isa = PBXFileReference; lastKnownFileType = image.jpeg; path = "waterfalls-angel-falls.jpg"; sourceTree = "<group>"; };
		F277EFAC1DA1D7580055741E /* Pex2_QuizGame.app */ = {isa = PBXFileReference; explicitFileType = wrapper.application; includeInIndex = 0; path = Pex2_QuizGame.app; sourceTree = BUILT_PRODUCTS_DIR; };
		F277EFAF1DA1D7580055741E /* AppDelegate.swift */ = {isa = PBXFileReference; lastKnownFileType = sourcecode.swift; path = AppDelegate.swift; sourceTree = "<group>"; };
		F277EFB11DA1D7580055741E /* ViewController.swift */ = {isa = PBXFileReference; lastKnownFileType = sourcecode.swift; path = ViewController.swift; sourceTree = "<group>"; };
		F277EFB41DA1D7580055741E /* Base */ = {isa = PBXFileReference; lastKnownFileType = file.storyboard; name = Base; path = Base.lproj/Main.storyboard; sourceTree = "<group>"; };
		F277EFB61DA1D7580055741E /* Assets.xcassets */ = {isa = PBXFileReference; lastKnownFileType = folder.assetcatalog; path = Assets.xcassets; sourceTree = "<group>"; };
		F277EFB91DA1D7580055741E /* Base */ = {isa = PBXFileReference; lastKnownFileType = file.storyboard; name = Base; path = Base.lproj/LaunchScreen.storyboard; sourceTree = "<group>"; };
		F277EFBB1DA1D7580055741E /* Info.plist */ = {isa = PBXFileReference; lastKnownFileType = text.plist.xml; path = Info.plist; sourceTree = "<group>"; };
		F277EFC01DA1D7580055741E /* Pex2_QuizGameTests.xctest */ = {isa = PBXFileReference; explicitFileType = wrapper.cfbundle; includeInIndex = 0; path = Pex2_QuizGameTests.xctest; sourceTree = BUILT_PRODUCTS_DIR; };
		F277EFC41DA1D7580055741E /* Pex2_QuizGameTests.swift */ = {isa = PBXFileReference; lastKnownFileType = sourcecode.swift; path = Pex2_QuizGameTests.swift; sourceTree = "<group>"; };
		F277EFC61DA1D7580055741E /* Info.plist */ = {isa = PBXFileReference; lastKnownFileType = text.plist.xml; path = Info.plist; sourceTree = "<group>"; };
		F277EFCB1DA1D7580055741E /* Pex2_QuizGameUITests.xctest */ = {isa = PBXFileReference; explicitFileType = wrapper.cfbundle; includeInIndex = 0; path = Pex2_QuizGameUITests.xctest; sourceTree = BUILT_PRODUCTS_DIR; };
		F277EFCF1DA1D7580055741E /* Pex2_QuizGameUITests.swift */ = {isa = PBXFileReference; lastKnownFileType = sourcecode.swift; path = Pex2_QuizGameUITests.swift; sourceTree = "<group>"; };
		F277EFD11DA1D7580055741E /* Info.plist */ = {isa = PBXFileReference; lastKnownFileType = text.plist.xml; path = Info.plist; sourceTree = "<group>"; };
/* End PBXFileReference section */

/* Begin PBXFrameworksBuildPhase section */
		F277EFA91DA1D7580055741E /* Frameworks */ = {
			isa = PBXFrameworksBuildPhase;
			buildActionMask = 2147483647;
			files = (
			);
			runOnlyForDeploymentPostprocessing = 0;
		};
		F277EFBD1DA1D7580055741E /* Frameworks */ = {
			isa = PBXFrameworksBuildPhase;
			buildActionMask = 2147483647;
			files = (
			);
			runOnlyForDeploymentPostprocessing = 0;
		};
		F277EFC81DA1D7580055741E /* Frameworks */ = {
			isa = PBXFrameworksBuildPhase;
			buildActionMask = 2147483647;
			files = (
			);
			runOnlyForDeploymentPostprocessing = 0;
		};
/* End PBXFrameworksBuildPhase section */

/* Begin PBXGroup section */
		F277EFA31DA1D7580055741E = {
			isa = PBXGroup;
			children = (
				70553C751DA599F90001D46E /* american_cemetery_normandy.jpg */,
				70553C761DA599F90001D46E /* big_ben.jpg */,
				70553C771DA599F90001D46E /* blue_domed_church.jpg */,
				70553C781DA599F90001D46E /* christ_the_redeemer.jpg */,
				70553C791DA599F90001D46E /* colloseum.jpeg */,
				70553C7A1DA599F90001D46E /* eiffel_tower.jpg */,
				70553C7B1DA599F90001D46E /* golden_gate_bridge.jpg */,
				70553C7C1DA599F90001D46E /* grand_canyon.jpg */,
				70553C7D1DA599F90001D46E /* great_mosque.jpg */,
				70553C7E1DA599F90001D46E /* great_wall.jpg */,
				70553C7F1DA599F90001D46E /* loch_ness_scotland.jpg */,
				70553C801DA599F90001D46E /* machu_piccu.jpg */,
				70553C811DA599F90001D46E /* mount_rushmore.jpg */,
				70553C821DA599F90001D46E /* potala_palace.jpg */,
				70553C831DA599F90001D46E /* pyramids_of_giza.jpg */,
				70553C841DA599F90001D46E /* st_basils_moscow.jpg */,
				70553C851DA599F90001D46E /* statue_of_liberty.jpg */,
				70553C861DA599F90001D46E /* stonehenge.jpg */,
				70553C871DA599F90001D46E /* sydney_opera_house.jpg */,
				70553C881DA599F90001D46E /* taj_majal.jpeg */,
				70553C891DA599F90001D46E /* teotihuacan.jpg */,
				70553C8A1DA599F90001D46E /* tower_of_pisa.jpg */,
				70553C8B1DA599F90001D46E /* wailing-wall.jpg */,
				70553C8C1DA599F90001D46E /* waterfalls-angel-falls.jpg */,
				F277EFAE1DA1D7580055741E /* Pex2_QuizGame */,
				F277EFC31DA1D7580055741E /* Pex2_QuizGameTests */,
				F277EFCE1DA1D7580055741E /* Pex2_QuizGameUITests */,
				F277EFAD1DA1D7580055741E /* Products */,
			);
			sourceTree = "<group>";
		};
		F277EFAD1DA1D7580055741E /* Products */ = {
			isa = PBXGroup;
			children = (
				F277EFAC1DA1D7580055741E /* Pex2_QuizGame.app */,
				F277EFC01DA1D7580055741E /* Pex2_QuizGameTests.xctest */,
				F277EFCB1DA1D7580055741E /* Pex2_QuizGameUITests.xctest */,
			);
			name = Products;
			sourceTree = "<group>";
		};
		F277EFAE1DA1D7580055741E /* Pex2_QuizGame */ = {
			isa = PBXGroup;
			children = (
				F277EFAF1DA1D7580055741E /* AppDelegate.swift */,
				F277EFB11DA1D7580055741E /* ViewController.swift */,
				F277EFB31DA1D7580055741E /* Main.storyboard */,
				F277EFB61DA1D7580055741E /* Assets.xcassets */,
				F277EFB81DA1D7580055741E /* LaunchScreen.storyboard */,
				F277EFBB1DA1D7580055741E /* Info.plist */,
			);
			path = Pex2_QuizGame;
			sourceTree = "<group>";
		};
		F277EFC31DA1D7580055741E /* Pex2_QuizGameTests */ = {
			isa = PBXGroup;
			children = (
				F277EFC41DA1D7580055741E /* Pex2_QuizGameTests.swift */,
				F277EFC61DA1D7580055741E /* Info.plist */,
			);
			path = Pex2_QuizGameTests;
			sourceTree = "<group>";
		};
		F277EFCE1DA1D7580055741E /* Pex2_QuizGameUITests */ = {
			isa = PBXGroup;
			children = (
				F277EFCF1DA1D7580055741E /* Pex2_QuizGameUITests.swift */,
				F277EFD11DA1D7580055741E /* Info.plist */,
			);
			path = Pex2_QuizGameUITests;
			sourceTree = "<group>";
		};
/* End PBXGroup section */

/* Begin PBXNativeTarget section */
		F277EFAB1DA1D7580055741E /* Pex2_QuizGame */ = {
			isa = PBXNativeTarget;
			buildConfigurationList = F277EFD41DA1D7580055741E /* Build configuration list for PBXNativeTarget "Pex2_QuizGame" */;
			buildPhases = (
				F277EFA81DA1D7580055741E /* Sources */,
				F277EFA91DA1D7580055741E /* Frameworks */,
				F277EFAA1DA1D7580055741E /* Resources */,
			);
			buildRules = (
			);
			dependencies = (
			);
			name = Pex2_QuizGame;
			productName = Pex2_QuizGame;
			productReference = F277EFAC1DA1D7580055741E /* Pex2_QuizGame.app */;
			productType = "com.apple.product-type.application";
		};
		F277EFBF1DA1D7580055741E /* Pex2_QuizGameTests */ = {
			isa = PBXNativeTarget;
			buildConfigurationList = F277EFD71DA1D7580055741E /* Build configuration list for PBXNativeTarget "Pex2_QuizGameTests" */;
			buildPhases = (
				F277EFBC1DA1D7580055741E /* Sources */,
				F277EFBD1DA1D7580055741E /* Frameworks */,
				F277EFBE1DA1D7580055741E /* Resources */,
			);
			buildRules = (
			);
			dependencies = (
				F277EFC21DA1D7580055741E /* PBXTargetDependency */,
			);
			name = Pex2_QuizGameTests;
			productName = Pex2_QuizGameTests;
			productReference = F277EFC01DA1D7580055741E /* Pex2_QuizGameTests.xctest */;
			productType = "com.apple.product-type.bundle.unit-test";
		};
		F277EFCA1DA1D7580055741E /* Pex2_QuizGameUITests */ = {
			isa = PBXNativeTarget;
			buildConfigurationList = F277EFDA1DA1D7580055741E /* Build configuration list for PBXNativeTarget "Pex2_QuizGameUITests" */;
			buildPhases = (
				F277EFC71DA1D7580055741E /* Sources */,
				F277EFC81DA1D7580055741E /* Frameworks */,
				F277EFC91DA1D7580055741E /* Resources */,
			);
			buildRules = (
			);
			dependencies = (
				F277EFCD1DA1D7580055741E /* PBXTargetDependency */,
			);
			name = Pex2_QuizGameUITests;
			productName = Pex2_QuizGameUITests;
			productReference = F277EFCB1DA1D7580055741E /* Pex2_QuizGameUITests.xctest */;
			productType = "com.apple.product-type.bundle.ui-testing";
		};
/* End PBXNativeTarget section */

/* Begin PBXProject section */
		F277EFA41DA1D7580055741E /* Project object */ = {
			isa = PBXProject;
			attributes = {
				LastSwiftUpdateCheck = 0730;
				LastUpgradeCheck = 0730;
				ORGANIZATIONNAME = "Dom Celiano";
				TargetAttributes = {
					F277EFAB1DA1D7580055741E = {
						CreatedOnToolsVersion = 7.3.1;
					};
					F277EFBF1DA1D7580055741E = {
						CreatedOnToolsVersion = 7.3.1;
						TestTargetID = F277EFAB1DA1D7580055741E;
					};
					F277EFCA1DA1D7580055741E = {
						CreatedOnToolsVersion = 7.3.1;
						TestTargetID = F277EFAB1DA1D7580055741E;
					};
				};
			};
			buildConfigurationList = F277EFA71DA1D7580055741E /* Build configuration list for PBXProject "Pex2_QuizGame" */;
			compatibilityVersion = "Xcode 3.2";
			developmentRegion = English;
			hasScannedForEncodings = 0;
			knownRegions = (
				en,
				Base,
			);
			mainGroup = F277EFA31DA1D7580055741E;
			productRefGroup = F277EFAD1DA1D7580055741E /* Products */;
			projectDirPath = "";
			projectRoot = "";
			targets = (
				F277EFAB1DA1D7580055741E /* Pex2_QuizGame */,
				F277EFBF1DA1D7580055741E /* Pex2_QuizGameTests */,
				F277EFCA1DA1D7580055741E /* Pex2_QuizGameUITests */,
			);
		};
/* End PBXProject section */

/* Begin PBXResourcesBuildPhase section */
		F277EFAA1DA1D7580055741E /* Resources */ = {
			isa = PBXResourcesBuildPhase;
			buildActionMask = 2147483647;
			files = (
				70553CA41DA599F90001D46E /* waterfalls-angel-falls.jpg in Resources */,
				70553C9B1DA599F90001D46E /* pyramids_of_giza.jpg in Resources */,
				70553C8F1DA599F90001D46E /* blue_domed_church.jpg in Resources */,
				F277EFBA1DA1D7580055741E /* LaunchScreen.storyboard in Resources */,
				70553CA11DA599F90001D46E /* teotihuacan.jpg in Resources */,
				70553C9C1DA599F90001D46E /* st_basils_moscow.jpg in Resources */,
				70553C931DA599F90001D46E /* golden_gate_bridge.jpg in Resources */,
				70553C901DA599F90001D46E /* christ_the_redeemer.jpg in Resources */,
				70553CA21DA599F90001D46E /* tower_of_pisa.jpg in Resources */,
				70553C8D1DA599F90001D46E /* american_cemetery_normandy.jpg in Resources */,
				70553C9E1DA599F90001D46E /* stonehenge.jpg in Resources */,
				70553C941DA599F90001D46E /* grand_canyon.jpg in Resources */,
				70553C9D1DA599F90001D46E /* statue_of_liberty.jpg in Resources */,
				70553C971DA599F90001D46E /* loch_ness_scotland.jpg in Resources */,
				70553C921DA599F90001D46E /* eiffel_tower.jpg in Resources */,
				70553C991DA599F90001D46E /* mount_rushmore.jpg in Resources */,
				70553C981DA599F90001D46E /* machu_piccu.jpg in Resources */,
				70553C951DA599F90001D46E /* great_mosque.jpg in Resources */,
				70553C8E1DA599F90001D46E /* big_ben.jpg in Resources */,
				70553C9F1DA599F90001D46E /* sydney_opera_house.jpg in Resources */,
				70553C911DA599F90001D46E /* colloseum.jpeg in Resources */,
				F277EFB71DA1D7580055741E /* Assets.xcassets in Resources */,
				70553CA01DA599F90001D46E /* taj_majal.jpeg in Resources */,
				70553C9A1DA599F90001D46E /* potala_palace.jpg in Resources */,
				F277EFB51DA1D7580055741E /* Main.storyboard in Resources */,
				70553C961DA599F90001D46E /* great_wall.jpg in Resources */,
				70553CA31DA599F90001D46E /* wailing-wall.jpg in Resources */,
			);
			runOnlyForDeploymentPostprocessing = 0;
		};
		F277EFBE1DA1D7580055741E /* Resources */ = {
			isa = PBXResourcesBuildPhase;
			buildActionMask = 2147483647;
			files = (
			);
			runOnlyForDeploymentPostprocessing = 0;
		};
		F277EFC91DA1D7580055741E /* Resources */ = {
			isa = PBXResourcesBuildPhase;
			buildActionMask = 2147483647;
			files = (
			);
			runOnlyForDeploymentPostprocessing = 0;
		};
/* End PBXResourcesBuildPhase section */

/* Begin PBXSourcesBuildPhase section */
		F277EFA81DA1D7580055741E /* Sources */ = {
			isa = PBXSourcesBuildPhase;
			buildActionMask = 2147483647;
			files = (
				F277EFB21DA1D7580055741E /* ViewController.swift in Sources */,
				F277EFB01DA1D7580055741E /* AppDelegate.swift in Sources */,
			);
			runOnlyForDeploymentPostprocessing = 0;
		};
		F277EFBC1DA1D7580055741E /* Sources */ = {
			isa = PBXSourcesBuildPhase;
			buildActionMask = 2147483647;
			files = (
				F277EFC51DA1D7580055741E /* Pex2_QuizGameTests.swift in Sources */,
			);
			runOnlyForDeploymentPostprocessing = 0;
		};
		F277EFC71DA1D7580055741E /* Sources */ = {
			isa = PBXSourcesBuildPhase;
			buildActionMask = 2147483647;
			files = (
				F277EFD01DA1D7580055741E /* Pex2_QuizGameUITests.swift in Sources */,
			);
			runOnlyForDeploymentPostprocessing = 0;
		};
/* End PBXSourcesBuildPhase section */

/* Begin PBXTargetDependency section */
		F277EFC21DA1D7580055741E /* PBXTargetDependency */ = {
			isa = PBXTargetDependency;
			target = F277EFAB1DA1D7580055741E /* Pex2_QuizGame */;
			targetProxy = F277EFC11DA1D7580055741E /* PBXContainerItemProxy */;
		};
		F277EFCD1DA1D7580055741E /* PBXTargetDependency */ = {
			isa = PBXTargetDependency;
			target = F277EFAB1DA1D7580055741E /* Pex2_QuizGame */;
			targetProxy = F277EFCC1DA1D7580055741E /* PBXContainerItemProxy */;
		};
/* End PBXTargetDependency section */

/* Begin PBXVariantGroup section */
		F277EFB31DA1D7580055741E /* Main.storyboard */ = {
			isa = PBXVariantGroup;
			children = (
				F277EFB41DA1D7580055741E /* Base */,
			);
			name = Main.storyboard;
			sourceTree = "<group>";
		};
		F277EFB81DA1D7580055741E /* LaunchScreen.storyboard */ = {
			isa = PBXVariantGroup;
			children = (
				F277EFB91DA1D7580055741E /* Base */,
			);
			name = LaunchScreen.storyboard;
			sourceTree = "<group>";
		};
/* End PBXVariantGroup section */

/* Begin XCBuildConfiguration section */
		F277EFD21DA1D7580055741E /* Debug */ = {
			isa = XCBuildConfiguration;
			buildSettings = {
				ALWAYS_SEARCH_USER_PATHS = NO;
				CLANG_ANALYZER_NONNULL = YES;
				CLANG_CXX_LANGUAGE_STANDARD = "gnu++0x";
				CLANG_CXX_LIBRARY = "libc++";
				CLANG_ENABLE_MODULES = YES;
				CLANG_ENABLE_OBJC_ARC = YES;
				CLANG_WARN_BOOL_CONVERSION = YES;
				CLANG_WARN_CONSTANT_CONVERSION = YES;
				CLANG_WARN_DIRECT_OBJC_ISA_USAGE = YES_ERROR;
				CLANG_WARN_EMPTY_BODY = YES;
				CLANG_WARN_ENUM_CONVERSION = YES;
				CLANG_WARN_INT_CONVERSION = YES;
				CLANG_WARN_OBJC_ROOT_CLASS = YES_ERROR;
				CLANG_WARN_UNREACHABLE_CODE = YES;
				CLANG_WARN__DUPLICATE_METHOD_MATCH = YES;
				"CODE_SIGN_IDENTITY[sdk=iphoneos*]" = "iPhone Developer";
				COPY_PHASE_STRIP = NO;
				DEBUG_INFORMATION_FORMAT = dwarf;
				ENABLE_STRICT_OBJC_MSGSEND = YES;
				ENABLE_TESTABILITY = YES;
				GCC_C_LANGUAGE_STANDARD = gnu99;
				GCC_DYNAMIC_NO_PIC = NO;
				GCC_NO_COMMON_BLOCKS = YES;
				GCC_OPTIMIZATION_LEVEL = 0;
				GCC_PREPROCESSOR_DEFINITIONS = (
					"DEBUG=1",
					"$(inherited)",
				);
				GCC_WARN_64_TO_32_BIT_CONVERSION = YES;
				GCC_WARN_ABOUT_RETURN_TYPE = YES_ERROR;
				GCC_WARN_UNDECLARED_SELECTOR = YES;
				GCC_WARN_UNINITIALIZED_AUTOS = YES_AGGRESSIVE;
				GCC_WARN_UNUSED_FUNCTION = YES;
				GCC_WARN_UNUSED_VARIABLE = YES;
				IPHONEOS_DEPLOYMENT_TARGET = 9.3;
				MTL_ENABLE_DEBUG_INFO = YES;
				ONLY_ACTIVE_ARCH = YES;
				SDKROOT = iphoneos;
				SWIFT_OPTIMIZATION_LEVEL = "-Onone";
			};
			name = Debug;
		};
		F277EFD31DA1D7580055741E /* Release */ = {
			isa = XCBuildConfiguration;
			buildSettings = {
				ALWAYS_SEARCH_USER_PATHS = NO;
				CLANG_ANALYZER_NONNULL = YES;
				CLANG_CXX_LANGUAGE_STANDARD = "gnu++0x";
				CLANG_CXX_LIBRARY = "libc++";
				CLANG_ENABLE_MODULES = YES;
				CLANG_ENABLE_OBJC_ARC = YES;
				CLANG_WARN_BOOL_CONVERSION = YES;
				CLANG_WARN_CONSTANT_CONVERSION = YES;
				CLANG_WARN_DIRECT_OBJC_ISA_USAGE = YES_ERROR;
				CLANG_WARN_EMPTY_BODY = YES;
				CLANG_WARN_ENUM_CONVERSION = YES;
				CLANG_WARN_INT_CONVERSION = YES;
				CLANG_WARN_OBJC_ROOT_CLASS = YES_ERROR;
				CLANG_WARN_UNREACHABLE_CODE = YES;
				CLANG_WARN__DUPLICATE_METHOD_MATCH = YES;
				"CODE_SIGN_IDENTITY[sdk=iphoneos*]" = "iPhone Developer";
				COPY_PHASE_STRIP = NO;
				DEBUG_INFORMATION_FORMAT = "dwarf-with-dsym";
				ENABLE_NS_ASSERTIONS = NO;
				ENABLE_STRICT_OBJC_MSGSEND = YES;
				GCC_C_LANGUAGE_STANDARD = gnu99;
				GCC_NO_COMMON_BLOCKS = YES;
				GCC_WARN_64_TO_32_BIT_CONVERSION = YES;
				GCC_WARN_ABOUT_RETURN_TYPE = YES_ERROR;
				GCC_WARN_UNDECLARED_SELECTOR = YES;
				GCC_WARN_UNINITIALIZED_AUTOS = YES_AGGRESSIVE;
				GCC_WARN_UNUSED_FUNCTION = YES;
				GCC_WARN_UNUSED_VARIABLE = YES;
				IPHONEOS_DEPLOYMENT_TARGET = 9.3;
				MTL_ENABLE_DEBUG_INFO = NO;
				SDKROOT = iphoneos;
				VALIDATE_PRODUCT = YES;
			};
			name = Release;
		};
		F277EFD51DA1D7580055741E /* Debug */ = {
			isa = XCBuildConfiguration;
			buildSettings = {
				ASSETCATALOG_COMPILER_APPICON_NAME = AppIcon;
				INFOPLIST_FILE = Pex2_QuizGame/Info.plist;
				LD_RUNPATH_SEARCH_PATHS = "$(inherited) @executable_path/Frameworks";
				PRODUCT_BUNDLE_IDENTIFIER = "USAFA.Pex2-QuizGame";
				PRODUCT_NAME = "$(TARGET_NAME)";
			};
			name = Debug;
		};
		F277EFD61DA1D7580055741E /* Release */ = {
			isa = XCBuildConfiguration;
			buildSettings = {
				ASSETCATALOG_COMPILER_APPICON_NAME = AppIcon;
				INFOPLIST_FILE = Pex2_QuizGame/Info.plist;
				LD_RUNPATH_SEARCH_PATHS = "$(inherited) @executable_path/Frameworks";
				PRODUCT_BUNDLE_IDENTIFIER = "USAFA.Pex2-QuizGame";
				PRODUCT_NAME = "$(TARGET_NAME)";
			};
			name = Release;
		};
		F277EFD81DA1D7580055741E /* Debug */ = {
			isa = XCBuildConfiguration;
			buildSettings = {
				BUNDLE_LOADER = "$(TEST_HOST)";
				INFOPLIST_FILE = Pex2_QuizGameTests/Info.plist;
				LD_RUNPATH_SEARCH_PATHS = "$(inherited) @executable_path/Frameworks @loader_path/Frameworks";
				PRODUCT_BUNDLE_IDENTIFIER = "USAFA.Pex2-QuizGameTests";
				PRODUCT_NAME = "$(TARGET_NAME)";
				TEST_HOST = "$(BUILT_PRODUCTS_DIR)/Pex2_QuizGame.app/Pex2_QuizGame";
			};
			name = Debug;
		};
		F277EFD91DA1D7580055741E /* Release */ = {
			isa = XCBuildConfiguration;
			buildSettings = {
				BUNDLE_LOADER = "$(TEST_HOST)";
				INFOPLIST_FILE = Pex2_QuizGameTests/Info.plist;
				LD_RUNPATH_SEARCH_PATHS = "$(inherited) @executable_path/Frameworks @loader_path/Frameworks";
				PRODUCT_BUNDLE_IDENTIFIER = "USAFA.Pex2-QuizGameTests";
				PRODUCT_NAME = "$(TARGET_NAME)";
				TEST_HOST = "$(BUILT_PRODUCTS_DIR)/Pex2_QuizGame.app/Pex2_QuizGame";
			};
			name = Release;
		};
		F277EFDB1DA1D7580055741E /* Debug */ = {
			isa = XCBuildConfiguration;
			buildSettings = {
				INFOPLIST_FILE = Pex2_QuizGameUITests/Info.plist;
				LD_RUNPATH_SEARCH_PATHS = "$(inherited) @executable_path/Frameworks @loader_path/Frameworks";
				PRODUCT_BUNDLE_IDENTIFIER = "USAFA.Pex2-QuizGameUITests";
				PRODUCT_NAME = "$(TARGET_NAME)";
				TEST_TARGET_NAME = Pex2_QuizGame;
			};
			name = Debug;
		};
		F277EFDC1DA1D7580055741E /* Release */ = {
			isa = XCBuildConfiguration;
			buildSettings = {
				INFOPLIST_FILE = Pex2_QuizGameUITests/Info.plist;
				LD_RUNPATH_SEARCH_PATHS = "$(inherited) @executable_path/Frameworks @loader_path/Frameworks";
				PRODUCT_BUNDLE_IDENTIFIER = "USAFA.Pex2-QuizGameUITests";
				PRODUCT_NAME = "$(TARGET_NAME)";
				TEST_TARGET_NAME = Pex2_QuizGame;
			};
			name = Release;
		};
/* End XCBuildConfiguration section */

/* Begin XCConfigurationList section */
		F277EFA71DA1D7580055741E /* Build configuration list for PBXProject "Pex2_QuizGame" */ = {
			isa = XCConfigurationList;
			buildConfigurations = (
				F277EFD21DA1D7580055741E /* Debug */,
				F277EFD31DA1D7580055741E /* Release */,
			);
			defaultConfigurationIsVisible = 0;
			defaultConfigurationName = Release;
		};
		F277EFD41DA1D7580055741E /* Build configuration list for PBXNativeTarget "Pex2_QuizGame" */ = {
			isa = XCConfigurationList;
			buildConfigurations = (
				F277EFD51DA1D7580055741E /* Debug */,
				F277EFD61DA1D7580055741E /* Release */,
			);
			defaultConfigurationIsVisible = 0;
			defaultConfigurationName = Release;
		};
		F277EFD71DA1D7580055741E /* Build configuration list for PBXNativeTarget "Pex2_QuizGameTests" */ = {
			isa = XCConfigurationList;
			buildConfigurations = (
				F277EFD81DA1D7580055741E /* Debug */,
				F277EFD91DA1D7580055741E /* Release */,
			);
			defaultConfigurationIsVisible = 0;
			defaultConfigurationName = Release;
		};
		F277EFDA1DA1D7580055741E /* Build configuration list for PBXNativeTarget "Pex2_QuizGameUITests" */ = {
			isa = XCConfigurationList;
			buildConfigurations = (
				F277EFDB1DA1D7580055741E /* Debug */,
				F277EFDC1DA1D7580055741E /* Release */,
			);
			defaultConfigurationIsVisible = 0;
			defaultConfigurationName = Release;
		};
/* End XCConfigurationList section */
	};
	rootObject = F277EFA41DA1D7580055741E /* Project object */;
}
