// !$*UTF8*$!
{
	archiveVersion = 1;
	classes = {
	};
	objectVersion = 46;
	objects = {

/* Begin PBXBuildFile section */
		F229914B1DA896D700E938ED /* africa_Egypt.jpg in Resources */ = {isa = PBXBuildFile; fileRef = F229912D1DA896D700E938ED /* africa_Egypt.jpg */; };
		F229914C1DA896D700E938ED /* africa_Madagascar.jpg in Resources */ = {isa = PBXBuildFile; fileRef = F229912E1DA896D700E938ED /* africa_Madagascar.jpg */; };
		F229914D1DA896D700E938ED /* africa_South Africa.jpg in Resources */ = {isa = PBXBuildFile; fileRef = F229912F1DA896D700E938ED /* africa_South Africa.jpg */; };
		F229914E1DA896D700E938ED /* africa_Tanzania.jpg in Resources */ = {isa = PBXBuildFile; fileRef = F22991301DA896D700E938ED /* africa_Tanzania.jpg */; };
		F229914F1DA896D700E938ED /* africa_Tunisia.jpg in Resources */ = {isa = PBXBuildFile; fileRef = F22991311DA896D700E938ED /* africa_Tunisia.jpg */; };
		F22991501DA896D700E938ED /* asia_China_potala_palace.jpg in Resources */ = {isa = PBXBuildFile; fileRef = F22991321DA896D700E938ED /* asia_China_potala_palace.jpg */; };
		F22991511DA896D700E938ED /* asia_China.jpg in Resources */ = {isa = PBXBuildFile; fileRef = F22991331DA896D700E938ED /* asia_China.jpg */; };
		F22991521DA896D700E938ED /* asia_India_taj_majal.jpeg in Resources */ = {isa = PBXBuildFile; fileRef = F22991341DA896D700E938ED /* asia_India_taj_majal.jpeg */; };
		F22991531DA896D700E938ED /* asia_Israel_wailing_wall.jpg in Resources */ = {isa = PBXBuildFile; fileRef = F22991351DA896D700E938ED /* asia_Israel_wailing_wall.jpg */; };
		F22991541DA896D700E938ED /* asia_Saudi Arabia_great_mosque.jpg in Resources */ = {isa = PBXBuildFile; fileRef = F22991361DA896D700E938ED /* asia_Saudi Arabia_great_mosque.jpg */; };
		F22991551DA896D700E938ED /* eeu_Austria_alps.jpg in Resources */ = {isa = PBXBuildFile; fileRef = F22991371DA896D700E938ED /* eeu_Austria_alps.jpg */; };
		F22991561DA896D700E938ED /* eeu_Greece_blue_domed_church.jpg in Resources */ = {isa = PBXBuildFile; fileRef = F22991381DA896D700E938ED /* eeu_Greece_blue_domed_church.jpg */; };
		F22991571DA896D700E938ED /* eeu_Poland_conc_camp.jpg in Resources */ = {isa = PBXBuildFile; fileRef = F22991391DA896D700E938ED /* eeu_Poland_conc_camp.jpg */; };
		F22991581DA896D700E938ED /* eeu_Romania_bucharest.jpg in Resources */ = {isa = PBXBuildFile; fileRef = F229913A1DA896D700E938ED /* eeu_Romania_bucharest.jpg */; };
		F22991591DA896D700E938ED /* eeu_Russia_st_basils_moscow.jpg in Resources */ = {isa = PBXBuildFile; fileRef = F229913B1DA896D700E938ED /* eeu_Russia_st_basils_moscow.jpg */; };
		F229915A1DA896D700E938ED /* na_Mexico_teotihuacan.jpg in Resources */ = {isa = PBXBuildFile; fileRef = F229913C1DA896D700E938ED /* na_Mexico_teotihuacan.jpg */; };
		F229915B1DA896D700E938ED /* na_United States_golden_gate_bridge.jpg in Resources */ = {isa = PBXBuildFile; fileRef = F229913D1DA896D700E938ED /* na_United States_golden_gate_bridge.jpg */; };
		F229915C1DA896D700E938ED /* na_United States_grand_canyon.jpg in Resources */ = {isa = PBXBuildFile; fileRef = F229913E1DA896D700E938ED /* na_United States_grand_canyon.jpg */; };
		F229915D1DA896D700E938ED /* na_United States_mount_rushmore.jpg in Resources */ = {isa = PBXBuildFile; fileRef = F229913F1DA896D700E938ED /* na_United States_mount_rushmore.jpg */; };
		F229915E1DA896D700E938ED /* na_United States_statue_of_liberty.jpg in Resources */ = {isa = PBXBuildFile; fileRef = F22991401DA896D700E938ED /* na_United States_statue_of_liberty.jpg */; };
		F229915F1DA896D700E938ED /* sa_Bolivia_salt_flats.jpg in Resources */ = {isa = PBXBuildFile; fileRef = F22991411DA896D700E938ED /* sa_Bolivia_salt_flats.jpg */; };
		F22991601DA896D700E938ED /* sa_Brazil_christ_the_redeemer.jpg in Resources */ = {isa = PBXBuildFile; fileRef = F22991421DA896D700E938ED /* sa_Brazil_christ_the_redeemer.jpg */; };
		F22991611DA896D700E938ED /* sa_Ecuador_galapagos-islands.jpg in Resources */ = {isa = PBXBuildFile; fileRef = F22991431DA896D700E938ED /* sa_Ecuador_galapagos-islands.jpg */; };
		F22991621DA896D700E938ED /* sa_Peru_machu_piccu.jpg in Resources */ = {isa = PBXBuildFile; fileRef = F22991441DA896D700E938ED /* sa_Peru_machu_piccu.jpg */; };
		F22991631DA896D700E938ED /* sa_Venezuela_waterfalls-angel-falls.jpg in Resources */ = {isa = PBXBuildFile; fileRef = F22991451DA896D700E938ED /* sa_Venezuela_waterfalls-angel-falls.jpg */; };
		F22991641DA896D700E938ED /* weu_England_big_ben.jpg in Resources */ = {isa = PBXBuildFile; fileRef = F22991461DA896D700E938ED /* weu_England_big_ben.jpg */; };
		F22991651DA896D700E938ED /* weu_France_american_cemetery_normandy.jpg in Resources */ = {isa = PBXBuildFile; fileRef = F22991471DA896D700E938ED /* weu_France_american_cemetery_normandy.jpg */; };
		F22991661DA896D700E938ED /* weu_France_eiffel_tower.jpg in Resources */ = {isa = PBXBuildFile; fileRef = F22991481DA896D700E938ED /* weu_France_eiffel_tower.jpg */; };
		F22991671DA896D700E938ED /* weu_Italy_colloseum.jpeg in Resources */ = {isa = PBXBuildFile; fileRef = F22991491DA896D700E938ED /* weu_Italy_colloseum.jpeg */; };
		F22991681DA896D700E938ED /* weu_Scotland_loch_ness.jpg in Resources */ = {isa = PBXBuildFile; fileRef = F229914A1DA896D700E938ED /* weu_Scotland_loch_ness.jpg */; };
		F277EFB01DA1D7580055741E /* AppDelegate.swift in Sources */ = {isa = PBXBuildFile; fileRef = F277EFAF1DA1D7580055741E /* AppDelegate.swift */; };
		F277EFB21DA1D7580055741E /* ViewController.swift in Sources */ = {isa = PBXBuildFile; fileRef = F277EFB11DA1D7580055741E /* ViewController.swift */; };
		F277EFB51DA1D7580055741E /* Main.storyboard in Resources */ = {isa = PBXBuildFile; fileRef = F277EFB31DA1D7580055741E /* Main.storyboard */; };
		F277EFB71DA1D7580055741E /* Assets.xcassets in Resources */ = {isa = PBXBuildFile; fileRef = F277EFB61DA1D7580055741E /* Assets.xcassets */; };
		F277EFBA1DA1D7580055741E /* LaunchScreen.storyboard in Resources */ = {isa = PBXBuildFile; fileRef = F277EFB81DA1D7580055741E /* LaunchScreen.storyboard */; };
		F277EFC51DA1D7580055741E /* Pex2_QuizGameTests.swift in Sources */ = {isa = PBXBuildFile; fileRef = F277EFC41DA1D7580055741E /* Pex2_QuizGameTests.swift */; };
		F277EFD01DA1D7580055741E /* Pex2_QuizGameUITests.swift in Sources */ = {isa = PBXBuildFile; fileRef = F277EFCF1DA1D7580055741E /* Pex2_QuizGameUITests.swift */; };
/* End PBXBuildFile section */

/* Begin PBXContainerItemProxy section */
		F277EFC11DA1D7580055741E /* PBXContainerItemProxy */ = {
			isa = PBXContainerItemProxy;
			containerPortal = F277EFA41DA1D7580055741E /* Project object */;
			proxyType = 1;
			remoteGlobalIDString = F277EFAB1DA1D7580055741E;
			remoteInfo = Pex2_QuizGame;
		};
		F277EFCC1DA1D7580055741E /* PBXContainerItemProxy */ = {
			isa = PBXContainerItemProxy;
			containerPortal = F277EFA41DA1D7580055741E /* Project object */;
			proxyType = 1;
			remoteGlobalIDString = F277EFAB1DA1D7580055741E;
			remoteInfo = Pex2_QuizGame;
		};
/* End PBXContainerItemProxy section */

/* Begin PBXFileReference section */
		F229912D1DA896D700E938ED /* africa_Egypt.jpg */ = {isa = PBXFileReference; lastKnownFileType = image.jpeg; path = africa_Egypt.jpg; sourceTree = "<group>"; };
		F229912E1DA896D700E938ED /* africa_Madagascar.jpg */ = {isa = PBXFileReference; lastKnownFileType = image.jpeg; path = africa_Madagascar.jpg; sourceTree = "<group>"; };
		F229912F1DA896D700E938ED /* africa_South Africa.jpg */ = {isa = PBXFileReference; lastKnownFileType = image.jpeg; path = "africa_South Africa.jpg"; sourceTree = "<group>"; };
		F22991301DA896D700E938ED /* africa_Tanzania.jpg */ = {isa = PBXFileReference; lastKnownFileType = image.jpeg; path = africa_Tanzania.jpg; sourceTree = "<group>"; };
		F22991311DA896D700E938ED /* africa_Tunisia.jpg */ = {isa = PBXFileReference; lastKnownFileType = image.jpeg; path = africa_Tunisia.jpg; sourceTree = "<group>"; };
		F22991321DA896D700E938ED /* asia_China_potala_palace.jpg */ = {isa = PBXFileReference; lastKnownFileType = image.jpeg; path = asia_China_potala_palace.jpg; sourceTree = "<group>"; };
		F22991331DA896D700E938ED /* asia_China.jpg */ = {isa = PBXFileReference; lastKnownFileType = image.jpeg; path = asia_China.jpg; sourceTree = "<group>"; };
		F22991341DA896D700E938ED /* asia_India_taj_majal.jpeg */ = {isa = PBXFileReference; lastKnownFileType = image.jpeg; path = asia_India_taj_majal.jpeg; sourceTree = "<group>"; };
		F22991351DA896D700E938ED /* asia_Israel_wailing_wall.jpg */ = {isa = PBXFileReference; lastKnownFileType = image.jpeg; path = asia_Israel_wailing_wall.jpg; sourceTree = "<group>"; };
		F22991361DA896D700E938ED /* asia_Saudi Arabia_great_mosque.jpg */ = {isa = PBXFileReference; lastKnownFileType = image.jpeg; path = "asia_Saudi Arabia_great_mosque.jpg"; sourceTree = "<group>"; };
		F22991371DA896D700E938ED /* eeu_Austria_alps.jpg */ = {isa = PBXFileReference; lastKnownFileType = image.jpeg; path = eeu_Austria_alps.jpg; sourceTree = "<group>"; };
		F22991381DA896D700E938ED /* eeu_Greece_blue_domed_church.jpg */ = {isa = PBXFileReference; lastKnownFileType = image.jpeg; path = eeu_Greece_blue_domed_church.jpg; sourceTree = "<group>"; };
		F22991391DA896D700E938ED /* eeu_Poland_conc_camp.jpg */ = {isa = PBXFileReference; lastKnownFileType = image.jpeg; path = eeu_Poland_conc_camp.jpg; sourceTree = "<group>"; };
		F229913A1DA896D700E938ED /* eeu_Romania_bucharest.jpg */ = {isa = PBXFileReference; lastKnownFileType = image.jpeg; path = eeu_Romania_bucharest.jpg; sourceTree = "<group>"; };
		F229913B1DA896D700E938ED /* eeu_Russia_st_basils_moscow.jpg */ = {isa = PBXFileReference; lastKnownFileType = image.jpeg; path = eeu_Russia_st_basils_moscow.jpg; sourceTree = "<group>"; };
		F229913C1DA896D700E938ED /* na_Mexico_teotihuacan.jpg */ = {isa = PBXFileReference; lastKnownFileType = image.jpeg; path = na_Mexico_teotihuacan.jpg; sourceTree = "<group>"; };
		F229913D1DA896D700E938ED /* na_United States_golden_gate_bridge.jpg */ = {isa = PBXFileReference; lastKnownFileType = image.jpeg; path = "na_United States_golden_gate_bridge.jpg"; sourceTree = "<group>"; };
		F229913E1DA896D700E938ED /* na_United States_grand_canyon.jpg */ = {isa = PBXFileReference; lastKnownFileType = image.jpeg; path = "na_United States_grand_canyon.jpg"; sourceTree = "<group>"; };
		F229913F1DA896D700E938ED /* na_United States_mount_rushmore.jpg */ = {isa = PBXFileReference; lastKnownFileType = image.jpeg; path = "na_United States_mount_rushmore.jpg"; sourceTree = "<group>"; };
		F22991401DA896D700E938ED /* na_United States_statue_of_liberty.jpg */ = {isa = PBXFileReference; lastKnownFileType = image.jpeg; path = "na_United States_statue_of_liberty.jpg"; sourceTree = "<group>"; };
		F22991411DA896D700E938ED /* sa_Bolivia_salt_flats.jpg */ = {isa = PBXFileReference; lastKnownFileType = image.jpeg; path = sa_Bolivia_salt_flats.jpg; sourceTree = "<group>"; };
		F22991421DA896D700E938ED /* sa_Brazil_christ_the_redeemer.jpg */ = {isa = PBXFileReference; lastKnownFileType = image.jpeg; path = sa_Brazil_christ_the_redeemer.jpg; sourceTree = "<group>"; };
		F22991431DA896D700E938ED /* sa_Ecuador_galapagos-islands.jpg */ = {isa = PBXFileReference; lastKnownFileType = image.jpeg; path = "sa_Ecuador_galapagos-islands.jpg"; sourceTree = "<group>"; };
		F22991441DA896D700E938ED /* sa_Peru_machu_piccu.jpg */ = {isa = PBXFileReference; lastKnownFileType = image.jpeg; path = sa_Peru_machu_piccu.jpg; sourceTree = "<group>"; };
		F22991451DA896D700E938ED /* sa_Venezuela_waterfalls-angel-falls.jpg */ = {isa = PBXFileReference; lastKnownFileType = image.jpeg; path = "sa_Venezuela_waterfalls-angel-falls.jpg"; sourceTree = "<group>"; };
		F22991461DA896D700E938ED /* weu_England_big_ben.jpg */ = {isa = PBXFileReference; lastKnownFileType = image.jpeg; path = weu_England_big_ben.jpg; sourceTree = "<group>"; };
		F22991471DA896D700E938ED /* weu_France_american_cemetery_normandy.jpg */ = {isa = PBXFileReference; lastKnownFileType = image.jpeg; path = weu_France_american_cemetery_normandy.jpg; sourceTree = "<group>"; };
		F22991481DA896D700E938ED /* weu_France_eiffel_tower.jpg */ = {isa = PBXFileReference; lastKnownFileType = image.jpeg; path = weu_France_eiffel_tower.jpg; sourceTree = "<group>"; };
		F22991491DA896D700E938ED /* weu_Italy_colloseum.jpeg */ = {isa = PBXFileReference; lastKnownFileType = image.jpeg; path = weu_Italy_colloseum.jpeg; sourceTree = "<group>"; };
		F229914A1DA896D700E938ED /* weu_Scotland_loch_ness.jpg */ = {isa = PBXFileReference; lastKnownFileType = image.jpeg; path = weu_Scotland_loch_ness.jpg; sourceTree = "<group>"; };
		F277EFAC1DA1D7580055741E /* Pex2_QuizGame.app */ = {isa = PBXFileReference; explicitFileType = wrapper.application; includeInIndex = 0; path = Pex2_QuizGame.app; sourceTree = BUILT_PRODUCTS_DIR; };
		F277EFAF1DA1D7580055741E /* AppDelegate.swift */ = {isa = PBXFileReference; lastKnownFileType = sourcecode.swift; path = AppDelegate.swift; sourceTree = "<group>"; };
		F277EFB11DA1D7580055741E /* ViewController.swift */ = {isa = PBXFileReference; lastKnownFileType = sourcecode.swift; path = ViewController.swift; sourceTree = "<group>"; };
		F277EFB41DA1D7580055741E /* Base */ = {isa = PBXFileReference; lastKnownFileType = file.storyboard; name = Base; path = Base.lproj/Main.storyboard; sourceTree = "<group>"; };
		F277EFB61DA1D7580055741E /* Assets.xcassets */ = {isa = PBXFileReference; lastKnownFileType = folder.assetcatalog; path = Assets.xcassets; sourceTree = "<group>"; };
		F277EFB91DA1D7580055741E /* Base */ = {isa = PBXFileReference; lastKnownFileType = file.storyboard; name = Base; path = Base.lproj/LaunchScreen.storyboard; sourceTree = "<group>"; };
		F277EFBB1DA1D7580055741E /* Info.plist */ = {isa = PBXFileReference; lastKnownFileType = text.plist.xml; path = Info.plist; sourceTree = "<group>"; };
		F277EFC01DA1D7580055741E /* Pex2_QuizGameTests.xctest */ = {isa = PBXFileReference; explicitFileType = wrapper.cfbundle; includeInIndex = 0; path = Pex2_QuizGameTests.xctest; sourceTree = BUILT_PRODUCTS_DIR; };
		F277EFC41DA1D7580055741E /* Pex2_QuizGameTests.swift */ = {isa = PBXFileReference; lastKnownFileType = sourcecode.swift; path = Pex2_QuizGameTests.swift; sourceTree = "<group>"; };
		F277EFC61DA1D7580055741E /* Info.plist */ = {isa = PBXFileReference; lastKnownFileType = text.plist.xml; path = Info.plist; sourceTree = "<group>"; };
		F277EFCB1DA1D7580055741E /* Pex2_QuizGameUITests.xctest */ = {isa = PBXFileReference; explicitFileType = wrapper.cfbundle; includeInIndex = 0; path = Pex2_QuizGameUITests.xctest; sourceTree = BUILT_PRODUCTS_DIR; };
		F277EFCF1DA1D7580055741E /* Pex2_QuizGameUITests.swift */ = {isa = PBXFileReference; lastKnownFileType = sourcecode.swift; path = Pex2_QuizGameUITests.swift; sourceTree = "<group>"; };
		F277EFD11DA1D7580055741E /* Info.plist */ = {isa = PBXFileReference; lastKnownFileType = text.plist.xml; path = Info.plist; sourceTree = "<group>"; };
/* End PBXFileReference section */

/* Begin PBXFrameworksBuildPhase section */
		F277EFA91DA1D7580055741E /* Frameworks */ = {
			isa = PBXFrameworksBuildPhase;
			buildActionMask = 2147483647;
			files = (
			);
			runOnlyForDeploymentPostprocessing = 0;
		};
		F277EFBD1DA1D7580055741E /* Frameworks */ = {
			isa = PBXFrameworksBuildPhase;
			buildActionMask = 2147483647;
			files = (
			);
			runOnlyForDeploymentPostprocessing = 0;
		};
		F277EFC81DA1D7580055741E /* Frameworks */ = {
			isa = PBXFrameworksBuildPhase;
			buildActionMask = 2147483647;
			files = (
			);
			runOnlyForDeploymentPostprocessing = 0;
		};
/* End PBXFrameworksBuildPhase section */

/* Begin PBXGroup section */
		F229909E1DA8912300E938ED /* Supporting Files */ = {
			isa = PBXGroup;
			children = (
				F229912D1DA896D700E938ED /* africa_Egypt.jpg */,
				F229912E1DA896D700E938ED /* africa_Madagascar.jpg */,
				F229912F1DA896D700E938ED /* africa_South Africa.jpg */,
				F22991301DA896D700E938ED /* africa_Tanzania.jpg */,
				F22991311DA896D700E938ED /* africa_Tunisia.jpg */,
				F22991321DA896D700E938ED /* asia_China_potala_palace.jpg */,
				F22991331DA896D700E938ED /* asia_China.jpg */,
				F22991341DA896D700E938ED /* asia_India_taj_majal.jpeg */,
				F22991351DA896D700E938ED /* asia_Israel_wailing_wall.jpg */,
				F22991361DA896D700E938ED /* asia_Saudi Arabia_great_mosque.jpg */,
				F22991371DA896D700E938ED /* eeu_Austria_alps.jpg */,
				F22991381DA896D700E938ED /* eeu_Greece_blue_domed_church.jpg */,
				F22991391DA896D700E938ED /* eeu_Poland_conc_camp.jpg */,
				F229913A1DA896D700E938ED /* eeu_Romania_bucharest.jpg */,
				F229913B1DA896D700E938ED /* eeu_Russia_st_basils_moscow.jpg */,
				F229913C1DA896D700E938ED /* na_Mexico_teotihuacan.jpg */,
				F229913D1DA896D700E938ED /* na_United States_golden_gate_bridge.jpg */,
				F229913E1DA896D700E938ED /* na_United States_grand_canyon.jpg */,
				F229913F1DA896D700E938ED /* na_United States_mount_rushmore.jpg */,
				F22991401DA896D700E938ED /* na_United States_statue_of_liberty.jpg */,
				F22991411DA896D700E938ED /* sa_Bolivia_salt_flats.jpg */,
				F22991421DA896D700E938ED /* sa_Brazil_christ_the_redeemer.jpg */,
				F22991431DA896D700E938ED /* sa_Ecuador_galapagos-islands.jpg */,
				F22991441DA896D700E938ED /* sa_Peru_machu_piccu.jpg */,
				F22991451DA896D700E938ED /* sa_Venezuela_waterfalls-angel-falls.jpg */,
				F22991461DA896D700E938ED /* weu_England_big_ben.jpg */,
				F22991471DA896D700E938ED /* weu_France_american_cemetery_normandy.jpg */,
				F22991481DA896D700E938ED /* weu_France_eiffel_tower.jpg */,
				F22991491DA896D700E938ED /* weu_Italy_colloseum.jpeg */,
				F229914A1DA896D700E938ED /* weu_Scotland_loch_ness.jpg */,
			);
			name = "Supporting Files";
			sourceTree = "<group>";
		};
		F277EFA31DA1D7580055741E = {
			isa = PBXGroup;
			children = (
				F229909E1DA8912300E938ED /* Supporting Files */,
				F277EFAE1DA1D7580055741E /* Pex2_QuizGame */,
				F277EFC31DA1D7580055741E /* Pex2_QuizGameTests */,
				F277EFCE1DA1D7580055741E /* Pex2_QuizGameUITests */,
				F277EFAD1DA1D7580055741E /* Products */,
			);
			sourceTree = "<group>";
		};
		F277EFAD1DA1D7580055741E /* Products */ = {
			isa = PBXGroup;
			children = (
				F277EFAC1DA1D7580055741E /* Pex2_QuizGame.app */,
				F277EFC01DA1D7580055741E /* Pex2_QuizGameTests.xctest */,
				F277EFCB1DA1D7580055741E /* Pex2_QuizGameUITests.xctest */,
			);
			name = Products;
			sourceTree = "<group>";
		};
		F277EFAE1DA1D7580055741E /* Pex2_QuizGame */ = {
			isa = PBXGroup;
			children = (
				F277EFAF1DA1D7580055741E /* AppDelegate.swift */,
				F277EFB11DA1D7580055741E /* ViewController.swift */,
				F277EFB31DA1D7580055741E /* Main.storyboard */,
				F277EFB61DA1D7580055741E /* Assets.xcassets */,
				F277EFB81DA1D7580055741E /* LaunchScreen.storyboard */,
				F277EFBB1DA1D7580055741E /* Info.plist */,
			);
			path = Pex2_QuizGame;
			sourceTree = "<group>";
		};
		F277EFC31DA1D7580055741E /* Pex2_QuizGameTests */ = {
			isa = PBXGroup;
			children = (
				F277EFC41DA1D7580055741E /* Pex2_QuizGameTests.swift */,
				F277EFC61DA1D7580055741E /* Info.plist */,
			);
			path = Pex2_QuizGameTests;
			sourceTree = "<group>";
		};
		F277EFCE1DA1D7580055741E /* Pex2_QuizGameUITests */ = {
			isa = PBXGroup;
			children = (
				F277EFCF1DA1D7580055741E /* Pex2_QuizGameUITests.swift */,
				F277EFD11DA1D7580055741E /* Info.plist */,
			);
			path = Pex2_QuizGameUITests;
			sourceTree = "<group>";
		};
/* End PBXGroup section */

/* Begin PBXNativeTarget section */
		F277EFAB1DA1D7580055741E /* Pex2_QuizGame */ = {
			isa = PBXNativeTarget;
			buildConfigurationList = F277EFD41DA1D7580055741E /* Build configuration list for PBXNativeTarget "Pex2_QuizGame" */;
			buildPhases = (
				F277EFA81DA1D7580055741E /* Sources */,
				F277EFA91DA1D7580055741E /* Frameworks */,
				F277EFAA1DA1D7580055741E /* Resources */,
			);
			buildRules = (
			);
			dependencies = (
			);
			name = Pex2_QuizGame;
			productName = Pex2_QuizGame;
			productReference = F277EFAC1DA1D7580055741E /* Pex2_QuizGame.app */;
			productType = "com.apple.product-type.application";
		};
		F277EFBF1DA1D7580055741E /* Pex2_QuizGameTests */ = {
			isa = PBXNativeTarget;
			buildConfigurationList = F277EFD71DA1D7580055741E /* Build configuration list for PBXNativeTarget "Pex2_QuizGameTests" */;
			buildPhases = (
				F277EFBC1DA1D7580055741E /* Sources */,
				F277EFBD1DA1D7580055741E /* Frameworks */,
				F277EFBE1DA1D7580055741E /* Resources */,
			);
			buildRules = (
			);
			dependencies = (
				F277EFC21DA1D7580055741E /* PBXTargetDependency */,
			);
			name = Pex2_QuizGameTests;
			productName = Pex2_QuizGameTests;
			productReference = F277EFC01DA1D7580055741E /* Pex2_QuizGameTests.xctest */;
			productType = "com.apple.product-type.bundle.unit-test";
		};
		F277EFCA1DA1D7580055741E /* Pex2_QuizGameUITests */ = {
			isa = PBXNativeTarget;
			buildConfigurationList = F277EFDA1DA1D7580055741E /* Build configuration list for PBXNativeTarget "Pex2_QuizGameUITests" */;
			buildPhases = (
				F277EFC71DA1D7580055741E /* Sources */,
				F277EFC81DA1D7580055741E /* Frameworks */,
				F277EFC91DA1D7580055741E /* Resources */,
			);
			buildRules = (
			);
			dependencies = (
				F277EFCD1DA1D7580055741E /* PBXTargetDependency */,
			);
			name = Pex2_QuizGameUITests;
			productName = Pex2_QuizGameUITests;
			productReference = F277EFCB1DA1D7580055741E /* Pex2_QuizGameUITests.xctest */;
			productType = "com.apple.product-type.bundle.ui-testing";
		};
/* End PBXNativeTarget section */

/* Begin PBXProject section */
		F277EFA41DA1D7580055741E /* Project object */ = {
			isa = PBXProject;
			attributes = {
				LastSwiftUpdateCheck = 0730;
				LastUpgradeCheck = 0730;
				ORGANIZATIONNAME = "Dom Celiano";
				TargetAttributes = {
					F277EFAB1DA1D7580055741E = {
						CreatedOnToolsVersion = 7.3.1;
					};
					F277EFBF1DA1D7580055741E = {
						CreatedOnToolsVersion = 7.3.1;
						TestTargetID = F277EFAB1DA1D7580055741E;
					};
					F277EFCA1DA1D7580055741E = {
						CreatedOnToolsVersion = 7.3.1;
						TestTargetID = F277EFAB1DA1D7580055741E;
					};
				};
			};
			buildConfigurationList = F277EFA71DA1D7580055741E /* Build configuration list for PBXProject "Pex2_QuizGame" */;
			compatibilityVersion = "Xcode 3.2";
			developmentRegion = English;
			hasScannedForEncodings = 0;
			knownRegions = (
				en,
				Base,
			);
			mainGroup = F277EFA31DA1D7580055741E;
			productRefGroup = F277EFAD1DA1D7580055741E /* Products */;
			projectDirPath = "";
			projectRoot = "";
			targets = (
				F277EFAB1DA1D7580055741E /* Pex2_QuizGame */,
				F277EFBF1DA1D7580055741E /* Pex2_QuizGameTests */,
				F277EFCA1DA1D7580055741E /* Pex2_QuizGameUITests */,
			);
		};
/* End PBXProject section */

/* Begin PBXResourcesBuildPhase section */
		F277EFAA1DA1D7580055741E /* Resources */ = {
			isa = PBXResourcesBuildPhase;
			buildActionMask = 2147483647;
			files = (
				F22991651DA896D700E938ED /* weu_France_american_cemetery_normandy.jpg in Resources */,
				F229914E1DA896D700E938ED /* africa_Tanzania.jpg in Resources */,
				F229915C1DA896D700E938ED /* na_United States_grand_canyon.jpg in Resources */,
				F22991551DA896D700E938ED /* eeu_Austria_alps.jpg in Resources */,
				F22991531DA896D700E938ED /* asia_Israel_wailing_wall.jpg in Resources */,
				F22991601DA896D700E938ED /* sa_Brazil_christ_the_redeemer.jpg in Resources */,
				F22991521DA896D700E938ED /* asia_India_taj_majal.jpeg in Resources */,
				F22991611DA896D700E938ED /* sa_Ecuador_galapagos-islands.jpg in Resources */,
				F22991631DA896D700E938ED /* sa_Venezuela_waterfalls-angel-falls.jpg in Resources */,
				F22991661DA896D700E938ED /* weu_France_eiffel_tower.jpg in Resources */,
				F229915F1DA896D700E938ED /* sa_Bolivia_salt_flats.jpg in Resources */,
				F229914D1DA896D700E938ED /* africa_South Africa.jpg in Resources */,
				F22991571DA896D700E938ED /* eeu_Poland_conc_camp.jpg in Resources */,
				F22991621DA896D700E938ED /* sa_Peru_machu_piccu.jpg in Resources */,
				F277EFBA1DA1D7580055741E /* LaunchScreen.storyboard in Resources */,
				F22991541DA896D700E938ED /* asia_Saudi Arabia_great_mosque.jpg in Resources */,
				F22991561DA896D700E938ED /* eeu_Greece_blue_domed_church.jpg in Resources */,
				F22991671DA896D700E938ED /* weu_Italy_colloseum.jpeg in Resources */,
				F229915B1DA896D700E938ED /* na_United States_golden_gate_bridge.jpg in Resources */,
				F229915E1DA896D700E938ED /* na_United States_statue_of_liberty.jpg in Resources */,
				F22991511DA896D700E938ED /* asia_China.jpg in Resources */,
				F229914F1DA896D700E938ED /* africa_Tunisia.jpg in Resources */,
				F229914B1DA896D700E938ED /* africa_Egypt.jpg in Resources */,
				F277EFB71DA1D7580055741E /* Assets.xcassets in Resources */,
				F22991681DA896D700E938ED /* weu_Scotland_loch_ness.jpg in Resources */,
				F229915A1DA896D700E938ED /* na_Mexico_teotihuacan.jpg in Resources */,
				F22991591DA896D700E938ED /* eeu_Russia_st_basils_moscow.jpg in Resources */,
				F22991501DA896D700E938ED /* asia_China_potala_palace.jpg in Resources */,
				F229914C1DA896D700E938ED /* africa_Madagascar.jpg in Resources */,
				F229915D1DA896D700E938ED /* na_United States_mount_rushmore.jpg in Resources */,
				F277EFB51DA1D7580055741E /* Main.storyboard in Resources */,
				F22991641DA896D700E938ED /* weu_England_big_ben.jpg in Resources */,
				F22991581DA896D700E938ED /* eeu_Romania_bucharest.jpg in Resources */,
			);
			runOnlyForDeploymentPostprocessing = 0;
		};
		F277EFBE1DA1D7580055741E /* Resources */ = {
			isa = PBXResourcesBuildPhase;
			buildActionMask = 2147483647;
			files = (
			);
			runOnlyForDeploymentPostprocessing = 0;
		};
		F277EFC91DA1D7580055741E /* Resources */ = {
			isa = PBXResourcesBuildPhase;
			buildActionMask = 2147483647;
			files = (
			);
			runOnlyForDeploymentPostprocessing = 0;
		};
/* End PBXResourcesBuildPhase section */

/* Begin PBXSourcesBuildPhase section */
		F277EFA81DA1D7580055741E /* Sources */ = {
			isa = PBXSourcesBuildPhase;
			buildActionMask = 2147483647;
			files = (
				F277EFB21DA1D7580055741E /* ViewController.swift in Sources */,
				F277EFB01DA1D7580055741E /* AppDelegate.swift in Sources */,
			);
			runOnlyForDeploymentPostprocessing = 0;
		};
		F277EFBC1DA1D7580055741E /* Sources */ = {
			isa = PBXSourcesBuildPhase;
			buildActionMask = 2147483647;
			files = (
				F277EFC51DA1D7580055741E /* Pex2_QuizGameTests.swift in Sources */,
			);
			runOnlyForDeploymentPostprocessing = 0;
		};
		F277EFC71DA1D7580055741E /* Sources */ = {
			isa = PBXSourcesBuildPhase;
			buildActionMask = 2147483647;
			files = (
				F277EFD01DA1D7580055741E /* Pex2_QuizGameUITests.swift in Sources */,
			);
			runOnlyForDeploymentPostprocessing = 0;
		};
/* End PBXSourcesBuildPhase section */

/* Begin PBXTargetDependency section */
		F277EFC21DA1D7580055741E /* PBXTargetDependency */ = {
			isa = PBXTargetDependency;
			target = F277EFAB1DA1D7580055741E /* Pex2_QuizGame */;
			targetProxy = F277EFC11DA1D7580055741E /* PBXContainerItemProxy */;
		};
		F277EFCD1DA1D7580055741E /* PBXTargetDependency */ = {
			isa = PBXTargetDependency;
			target = F277EFAB1DA1D7580055741E /* Pex2_QuizGame */;
			targetProxy = F277EFCC1DA1D7580055741E /* PBXContainerItemProxy */;
		};
/* End PBXTargetDependency section */

/* Begin PBXVariantGroup section */
		F277EFB31DA1D7580055741E /* Main.storyboard */ = {
			isa = PBXVariantGroup;
			children = (
				F277EFB41DA1D7580055741E /* Base */,
			);
			name = Main.storyboard;
			sourceTree = "<group>";
		};
		F277EFB81DA1D7580055741E /* LaunchScreen.storyboard */ = {
			isa = PBXVariantGroup;
			children = (
				F277EFB91DA1D7580055741E /* Base */,
			);
			name = LaunchScreen.storyboard;
			sourceTree = "<group>";
		};
/* End PBXVariantGroup section */

/* Begin XCBuildConfiguration section */
		F277EFD21DA1D7580055741E /* Debug */ = {
			isa = XCBuildConfiguration;
			buildSettings = {
				ALWAYS_SEARCH_USER_PATHS = NO;
				CLANG_ANALYZER_NONNULL = YES;
				CLANG_CXX_LANGUAGE_STANDARD = "gnu++0x";
				CLANG_CXX_LIBRARY = "libc++";
				CLANG_ENABLE_MODULES = YES;
				CLANG_ENABLE_OBJC_ARC = YES;
				CLANG_WARN_BOOL_CONVERSION = YES;
				CLANG_WARN_CONSTANT_CONVERSION = YES;
				CLANG_WARN_DIRECT_OBJC_ISA_USAGE = YES_ERROR;
				CLANG_WARN_EMPTY_BODY = YES;
				CLANG_WARN_ENUM_CONVERSION = YES;
				CLANG_WARN_INT_CONVERSION = YES;
				CLANG_WARN_OBJC_ROOT_CLASS = YES_ERROR;
				CLANG_WARN_UNREACHABLE_CODE = YES;
				CLANG_WARN__DUPLICATE_METHOD_MATCH = YES;
				"CODE_SIGN_IDENTITY[sdk=iphoneos*]" = "iPhone Developer";
				COPY_PHASE_STRIP = NO;
				DEBUG_INFORMATION_FORMAT = dwarf;
				ENABLE_STRICT_OBJC_MSGSEND = YES;
				ENABLE_TESTABILITY = YES;
				GCC_C_LANGUAGE_STANDARD = gnu99;
				GCC_DYNAMIC_NO_PIC = NO;
				GCC_NO_COMMON_BLOCKS = YES;
				GCC_OPTIMIZATION_LEVEL = 0;
				GCC_PREPROCESSOR_DEFINITIONS = (
					"DEBUG=1",
					"$(inherited)",
				);
				GCC_WARN_64_TO_32_BIT_CONVERSION = YES;
				GCC_WARN_ABOUT_RETURN_TYPE = YES_ERROR;
				GCC_WARN_UNDECLARED_SELECTOR = YES;
				GCC_WARN_UNINITIALIZED_AUTOS = YES_AGGRESSIVE;
				GCC_WARN_UNUSED_FUNCTION = YES;
				GCC_WARN_UNUSED_VARIABLE = YES;
				IPHONEOS_DEPLOYMENT_TARGET = 9.3;
				MTL_ENABLE_DEBUG_INFO = YES;
				ONLY_ACTIVE_ARCH = YES;
				SDKROOT = iphoneos;
				SWIFT_OPTIMIZATION_LEVEL = "-Onone";
			};
			name = Debug;
		};
		F277EFD31DA1D7580055741E /* Release */ = {
			isa = XCBuildConfiguration;
			buildSettings = {
				ALWAYS_SEARCH_USER_PATHS = NO;
				CLANG_ANALYZER_NONNULL = YES;
				CLANG_CXX_LANGUAGE_STANDARD = "gnu++0x";
				CLANG_CXX_LIBRARY = "libc++";
				CLANG_ENABLE_MODULES = YES;
				CLANG_ENABLE_OBJC_ARC = YES;
				CLANG_WARN_BOOL_CONVERSION = YES;
				CLANG_WARN_CONSTANT_CONVERSION = YES;
				CLANG_WARN_DIRECT_OBJC_ISA_USAGE = YES_ERROR;
				CLANG_WARN_EMPTY_BODY = YES;
				CLANG_WARN_ENUM_CONVERSION = YES;
				CLANG_WARN_INT_CONVERSION = YES;
				CLANG_WARN_OBJC_ROOT_CLASS = YES_ERROR;
				CLANG_WARN_UNREACHABLE_CODE = YES;
				CLANG_WARN__DUPLICATE_METHOD_MATCH = YES;
				"CODE_SIGN_IDENTITY[sdk=iphoneos*]" = "iPhone Developer";
				COPY_PHASE_STRIP = NO;
				DEBUG_INFORMATION_FORMAT = "dwarf-with-dsym";
				ENABLE_NS_ASSERTIONS = NO;
				ENABLE_STRICT_OBJC_MSGSEND = YES;
				GCC_C_LANGUAGE_STANDARD = gnu99;
				GCC_NO_COMMON_BLOCKS = YES;
				GCC_WARN_64_TO_32_BIT_CONVERSION = YES;
				GCC_WARN_ABOUT_RETURN_TYPE = YES_ERROR;
				GCC_WARN_UNDECLARED_SELECTOR = YES;
				GCC_WARN_UNINITIALIZED_AUTOS = YES_AGGRESSIVE;
				GCC_WARN_UNUSED_FUNCTION = YES;
				GCC_WARN_UNUSED_VARIABLE = YES;
				IPHONEOS_DEPLOYMENT_TARGET = 9.3;
				MTL_ENABLE_DEBUG_INFO = NO;
				SDKROOT = iphoneos;
				VALIDATE_PRODUCT = YES;
			};
			name = Release;
		};
		F277EFD51DA1D7580055741E /* Debug */ = {
			isa = XCBuildConfiguration;
			buildSettings = {
				ASSETCATALOG_COMPILER_APPICON_NAME = AppIcon;
				INFOPLIST_FILE = Pex2_QuizGame/Info.plist;
				LD_RUNPATH_SEARCH_PATHS = "$(inherited) @executable_path/Frameworks";
				PRODUCT_BUNDLE_IDENTIFIER = "USAFA.Pex2-QuizGame";
				PRODUCT_NAME = "$(TARGET_NAME)";
			};
			name = Debug;
		};
		F277EFD61DA1D7580055741E /* Release */ = {
			isa = XCBuildConfiguration;
			buildSettings = {
				ASSETCATALOG_COMPILER_APPICON_NAME = AppIcon;
				INFOPLIST_FILE = Pex2_QuizGame/Info.plist;
				LD_RUNPATH_SEARCH_PATHS = "$(inherited) @executable_path/Frameworks";
				PRODUCT_BUNDLE_IDENTIFIER = "USAFA.Pex2-QuizGame";
				PRODUCT_NAME = "$(TARGET_NAME)";
			};
			name = Release;
		};
		F277EFD81DA1D7580055741E /* Debug */ = {
			isa = XCBuildConfiguration;
			buildSettings = {
				BUNDLE_LOADER = "$(TEST_HOST)";
				INFOPLIST_FILE = Pex2_QuizGameTests/Info.plist;
				LD_RUNPATH_SEARCH_PATHS = "$(inherited) @executable_path/Frameworks @loader_path/Frameworks";
				PRODUCT_BUNDLE_IDENTIFIER = "USAFA.Pex2-QuizGameTests";
				PRODUCT_NAME = "$(TARGET_NAME)";
				TEST_HOST = "$(BUILT_PRODUCTS_DIR)/Pex2_QuizGame.app/Pex2_QuizGame";
			};
			name = Debug;
		};
		F277EFD91DA1D7580055741E /* Release */ = {
			isa = XCBuildConfiguration;
			buildSettings = {
				BUNDLE_LOADER = "$(TEST_HOST)";
				INFOPLIST_FILE = Pex2_QuizGameTests/Info.plist;
				LD_RUNPATH_SEARCH_PATHS = "$(inherited) @executable_path/Frameworks @loader_path/Frameworks";
				PRODUCT_BUNDLE_IDENTIFIER = "USAFA.Pex2-QuizGameTests";
				PRODUCT_NAME = "$(TARGET_NAME)";
				TEST_HOST = "$(BUILT_PRODUCTS_DIR)/Pex2_QuizGame.app/Pex2_QuizGame";
			};
			name = Release;
		};
		F277EFDB1DA1D7580055741E /* Debug */ = {
			isa = XCBuildConfiguration;
			buildSettings = {
				INFOPLIST_FILE = Pex2_QuizGameUITests/Info.plist;
				LD_RUNPATH_SEARCH_PATHS = "$(inherited) @executable_path/Frameworks @loader_path/Frameworks";
				PRODUCT_BUNDLE_IDENTIFIER = "USAFA.Pex2-QuizGameUITests";
				PRODUCT_NAME = "$(TARGET_NAME)";
				TEST_TARGET_NAME = Pex2_QuizGame;
			};
			name = Debug;
		};
		F277EFDC1DA1D7580055741E /* Release */ = {
			isa = XCBuildConfiguration;
			buildSettings = {
				INFOPLIST_FILE = Pex2_QuizGameUITests/Info.plist;
				LD_RUNPATH_SEARCH_PATHS = "$(inherited) @executable_path/Frameworks @loader_path/Frameworks";
				PRODUCT_BUNDLE_IDENTIFIER = "USAFA.Pex2-QuizGameUITests";
				PRODUCT_NAME = "$(TARGET_NAME)";
				TEST_TARGET_NAME = Pex2_QuizGame;
			};
			name = Release;
		};
/* End XCBuildConfiguration section */

/* Begin XCConfigurationList section */
		F277EFA71DA1D7580055741E /* Build configuration list for PBXProject "Pex2_QuizGame" */ = {
			isa = XCConfigurationList;
			buildConfigurations = (
				F277EFD21DA1D7580055741E /* Debug */,
				F277EFD31DA1D7580055741E /* Release */,
			);
			defaultConfigurationIsVisible = 0;
			defaultConfigurationName = Release;
		};
		F277EFD41DA1D7580055741E /* Build configuration list for PBXNativeTarget "Pex2_QuizGame" */ = {
			isa = XCConfigurationList;
			buildConfigurations = (
				F277EFD51DA1D7580055741E /* Debug */,
				F277EFD61DA1D7580055741E /* Release */,
			);
			defaultConfigurationIsVisible = 0;
			defaultConfigurationName = Release;
		};
		F277EFD71DA1D7580055741E /* Build configuration list for PBXNativeTarget "Pex2_QuizGameTests" */ = {
			isa = XCConfigurationList;
			buildConfigurations = (
				F277EFD81DA1D7580055741E /* Debug */,
				F277EFD91DA1D7580055741E /* Release */,
			);
			defaultConfigurationIsVisible = 0;
			defaultConfigurationName = Release;
		};
		F277EFDA1DA1D7580055741E /* Build configuration list for PBXNativeTarget "Pex2_QuizGameUITests" */ = {
			isa = XCConfigurationList;
			buildConfigurations = (
				F277EFDB1DA1D7580055741E /* Debug */,
				F277EFDC1DA1D7580055741E /* Release */,
			);
			defaultConfigurationIsVisible = 0;
			defaultConfigurationName = Release;
		};
/* End XCConfigurationList section */
	};
	rootObject = F277EFA41DA1D7580055741E /* Project object */;
}
